
Microsoft Visual Studio Solution File, Format Version 12.00
# Visual Studio 15
VisualStudioVersion = 15.0.27004.2010
MinimumVisualStudioVersion = 10.0.40219.1
Project("{8BC9CEB8-8B4A-11D0-8D11-00A0C91BC942}") = "KeyBoardKit", "KeyBoardKit\KeyBoardKit.vcxproj", "{47427627-21F0-4093-99A1-B440721CA763}"
EndProject
Global
	GlobalSection(SolutionConfigurationPlatforms) = preSolution
		Debug|x64 = Debug|x64
		Debug|x86 = Debug|x86
		Release|x64 = Release|x64
		Release|x86 = Release|x86
	EndGlobalSection
	GlobalSection(ProjectConfigurationPlatforms) = postSolution
		{47427627-21F0-4093-99A1-B440721CA763}.Debug|x64.ActiveCfg = Debug|x64
		{47427627-21F0-4093-99A1-B440721CA763}.Debug|x64.Build.0 = Debug|x64
		{47427627-21F0-4093-99A1-B440721CA763}.Debug|x86.ActiveCfg = Debug|Win32
		{47427627-21F0-4093-99A1-B440721CA763}.Debug|x86.Build.0 = Debug|Win32
		{47427627-21F0-4093-99A1-B440721CA763}.Release|x64.ActiveCfg = Release|x64
		{47427627-21F0-4093-99A1-B440721CA763}.Release|x64.Build.0 = Release|x64
		{47427627-21F0-4093-99A1-B440721CA763}.Release|x86.ActiveCfg = Release|Win32
		{47427627-21F0-4093-99A1-B440721CA763}.Release|x86.Build.0 = Release|Win32
	EndGlobalSection
	GlobalSection(SolutionProperties) = preSolution
		HideSolutionNode = FALSE
	EndGlobalSection
	GlobalSection(ExtensibilityGlobals) = postSolution
		SolutionGuid = {6290D63D-F097-4C47-8516-B70C4AF45F7B}
	EndGlobalSection
EndGlobal
